
Microsoft Visual Studio Solution File, Format Version 12.00
# Visual Studio Version 17
VisualStudioVersion = 17.3.32825.248
MinimumVisualStudioVersion = 10.0.40219.1
Project("{9A19103F-16F7-4668-BE54-9A1E7A4F7556}") = "API", "API\API.csproj", "{A0709537-D74A-4192-A994-958FBB278CF0}"
EndProject
Project("{FAE04EC0-301F-11D3-BF4B-00C04F79EFBC}") = "API.xUnitTests", "API.xUnitTests\API.xUnitTests.csproj", "{8C2DEF06-B681-496E-B4DD-DAFF53D92EA4}"
EndProject
Global
	GlobalSection(SolutionConfigurationPlatforms) = preSolution
		Debug|Any CPU = Debug|Any CPU
		Release|Any CPU = Release|Any CPU
	EndGlobalSection
	GlobalSection(ProjectConfigurationPlatforms) = postSolution
		{A0709537-D74A-4192-A994-958FBB278CF0}.Debug|Any CPU.ActiveCfg = Debug|Any CPU
		{A0709537-D74A-4192-A994-958FBB278CF0}.Debug|Any CPU.Build.0 = Debug|Any CPU
		{A0709537-D74A-4192-A994-958FBB278CF0}.Release|Any CPU.ActiveCfg = Release|Any CPU
		{A0709537-D74A-4192-A994-958FBB278CF0}.Release|Any CPU.Build.0 = Release|Any CPU
		{8C2DEF06-B681-496E-B4DD-DAFF53D92EA4}.Debug|Any CPU.ActiveCfg = Debug|Any CPU
		{8C2DEF06-B681-496E-B4DD-DAFF53D92EA4}.Debug|Any CPU.Build.0 = Debug|Any CPU
		{8C2DEF06-B681-496E-B4DD-DAFF53D92EA4}.Release|Any CPU.ActiveCfg = Release|Any CPU
		{8C2DEF06-B681-496E-B4DD-DAFF53D92EA4}.Release|Any CPU.Build.0 = Release|Any CPU
	EndGlobalSection
	GlobalSection(SolutionProperties) = preSolution
		HideSolutionNode = FALSE
	EndGlobalSection
	GlobalSection(ExtensibilityGlobals) = postSolution
		SolutionGuid = {62312D40-66F6-463F-BF2E-41ECAE22F9B5}
	EndGlobalSection
EndGlobal
